// !$*UTF8*$!
{
	archiveVersion = 1;
	classes = {
	};
	objectVersion = 77;
	objects = {

/* Begin PBXBuildFile section */
		F4B02B9B2D6121F700EA7F5B /* FirebaseAuth in Frameworks */ = {isa = PBXBuildFile; productRef = F4B02B9A2D6121F700EA7F5B /* FirebaseAuth */; };
		F4B02EDE2D61261200EA7F5B /* FirebaseFirestore in Frameworks */ = {isa = PBXBuildFile; productRef = F4B02EDD2D61261200EA7F5B /* FirebaseFirestore */; };
		F4B02EE02D61318900EA7F5B /* FirebaseCore in Frameworks */ = {isa = PBXBuildFile; productRef = F4B02EDF2D61318900EA7F5B /* FirebaseCore */; };
/* End PBXBuildFile section */

/* Begin PBXContainerItemProxy section */
		F4F0EB3D2D5A4500002A9ADC /* PBXContainerItemProxy */ = {
			isa = PBXContainerItemProxy;
			containerPortal = F4F0EB242D5A44FE002A9ADC /* Project object */;
			proxyType = 1;
			remoteGlobalIDString = F4F0EB2B2D5A44FE002A9ADC;
			remoteInfo = FoodHarmony;
		};
		F4F0EB472D5A4500002A9ADC /* PBXContainerItemProxy */ = {
			isa = PBXContainerItemProxy;
			containerPortal = F4F0EB242D5A44FE002A9ADC /* Project object */;
			proxyType = 1;
			remoteGlobalIDString = F4F0EB2B2D5A44FE002A9ADC;
			remoteInfo = FoodHarmony;
		};
/* End PBXContainerItemProxy section */

/* Begin PBXFileReference section */
		F4F0EB2C2D5A44FE002A9ADC /* FoodO.app */ = {isa = PBXFileReference; explicitFileType = wrapper.application; includeInIndex = 0; path = FoodO.app; sourceTree = BUILT_PRODUCTS_DIR; };
		F4F0EB3C2D5A4500002A9ADC /* FoodOTests.xctest */ = {isa = PBXFileReference; explicitFileType = wrapper.cfbundle; includeInIndex = 0; path = FoodOTests.xctest; sourceTree = BUILT_PRODUCTS_DIR; };
		F4F0EB462D5A4500002A9ADC /* FoodOUITests.xctest */ = {isa = PBXFileReference; explicitFileType = wrapper.cfbundle; includeInIndex = 0; path = FoodOUITests.xctest; sourceTree = BUILT_PRODUCTS_DIR; };
/* End PBXFileReference section */

/* Begin PBXFileSystemSynchronizedBuildFileExceptionSet section */
		F45EBA9B2D620F9D00FEFC3D /* Exceptions for "FoodHarmony" folder in "FoodO" target */ = {
			isa = PBXFileSystemSynchronizedBuildFileExceptionSet;
			membershipExceptions = (
				Info.plist,
			);
			target = F4F0EB2B2D5A44FE002A9ADC /* FoodO */;
		};
/* End PBXFileSystemSynchronizedBuildFileExceptionSet section */

/* Begin PBXFileSystemSynchronizedRootGroup section */
		F4F0EB2E2D5A44FE002A9ADC /* FoodHarmony */ = {
			isa = PBXFileSystemSynchronizedRootGroup;
			exceptions = (
				F45EBA9B2D620F9D00FEFC3D /* Exceptions for "FoodHarmony" folder in "FoodO" target */,
			);
			path = FoodHarmony;
			sourceTree = "<group>";
		};
		F4F0EB3F2D5A4500002A9ADC /* FoodOTests */ = {
			isa = PBXFileSystemSynchronizedRootGroup;
			path = FoodOTests;
			sourceTree = "<group>";
		};
		F4F0EB492D5A4500002A9ADC /* FoodOUITests */ = {
			isa = PBXFileSystemSynchronizedRootGroup;
			path = FoodOUITests;
			sourceTree = "<group>";
		};
/* End PBXFileSystemSynchronizedRootGroup section */

/* Begin PBXFrameworksBuildPhase section */
		F4F0EB292D5A44FE002A9ADC /* Frameworks */ = {
			isa = PBXFrameworksBuildPhase;
			buildActionMask = 2147483647;
			files = (
				F4B02B9B2D6121F700EA7F5B /* FirebaseAuth in Frameworks */,
				F4B02EE02D61318900EA7F5B /* FirebaseCore in Frameworks */,
				F4B02EDE2D61261200EA7F5B /* FirebaseFirestore in Frameworks */,
			);
			runOnlyForDeploymentPostprocessing = 0;
		};
		F4F0EB392D5A4500002A9ADC /* Frameworks */ = {
			isa = PBXFrameworksBuildPhase;
			buildActionMask = 2147483647;
			files = (
			);
			runOnlyForDeploymentPostprocessing = 0;
		};
		F4F0EB432D5A4500002A9ADC /* Frameworks */ = {
			isa = PBXFrameworksBuildPhase;
			buildActionMask = 2147483647;
			files = (
			);
			runOnlyForDeploymentPostprocessing = 0;
		};
/* End PBXFrameworksBuildPhase section */

/* Begin PBXGroup section */
		F4B02B992D6121F700EA7F5B /* Frameworks */ = {
			isa = PBXGroup;
			children = (
			);
			name = Frameworks;
			sourceTree = "<group>";
		};
		F4F0EB232D5A44FE002A9ADC = {
			isa = PBXGroup;
			children = (
				F4F0EB2E2D5A44FE002A9ADC /* FoodHarmony */,
				F4F0EB3F2D5A4500002A9ADC /* FoodOTests */,
				F4F0EB492D5A4500002A9ADC /* FoodOUITests */,
				F4B02B992D6121F700EA7F5B /* Frameworks */,
				F4F0EB2D2D5A44FE002A9ADC /* Products */,
			);
			sourceTree = "<group>";
		};
		F4F0EB2D2D5A44FE002A9ADC /* Products */ = {
			isa = PBXGroup;
			children = (
				F4F0EB2C2D5A44FE002A9ADC /* FoodO.app */,
				F4F0EB3C2D5A4500002A9ADC /* FoodOTests.xctest */,
				F4F0EB462D5A4500002A9ADC /* FoodOUITests.xctest */,
			);
			name = Products;
			sourceTree = "<group>";
		};
/* End PBXGroup section */

/* Begin PBXNativeTarget section */
		F4F0EB2B2D5A44FE002A9ADC /* FoodO */ = {
			isa = PBXNativeTarget;
			buildConfigurationList = F4F0EB502D5A4500002A9ADC /* Build configuration list for PBXNativeTarget "FoodO" */;
			buildPhases = (
				F4F0EB282D5A44FE002A9ADC /* Sources */,
				F4F0EB292D5A44FE002A9ADC /* Frameworks */,
				F4F0EB2A2D5A44FE002A9ADC /* Resources */,
			);
			buildRules = (
			);
			dependencies = (
			);
			fileSystemSynchronizedGroups = (
				F4F0EB2E2D5A44FE002A9ADC /* FoodHarmony */,
			);
			name = FoodO;
			packageProductDependencies = (
				F4B02B9A2D6121F700EA7F5B /* FirebaseAuth */,
				F4B02EDD2D61261200EA7F5B /* FirebaseFirestore */,
				F4B02EDF2D61318900EA7F5B /* FirebaseCore */,
			);
			productName = FoodHarmony;
			productReference = F4F0EB2C2D5A44FE002A9ADC /* FoodO.app */;
			productType = "com.apple.product-type.application";
		};
		F4F0EB3B2D5A4500002A9ADC /* FoodOTests */ = {
			isa = PBXNativeTarget;
			buildConfigurationList = F4F0EB532D5A4500002A9ADC /* Build configuration list for PBXNativeTarget "FoodOTests" */;
			buildPhases = (
				F4F0EB382D5A4500002A9ADC /* Sources */,
				F4F0EB392D5A4500002A9ADC /* Frameworks */,
				F4F0EB3A2D5A4500002A9ADC /* Resources */,
			);
			buildRules = (
			);
			dependencies = (
				F4F0EB3E2D5A4500002A9ADC /* PBXTargetDependency */,
			);
			fileSystemSynchronizedGroups = (
				F4F0EB3F2D5A4500002A9ADC /* FoodOTests */,
			);
			name = FoodOTests;
			packageProductDependencies = (
			);
			productName = FoodHarmonyTests;
			productReference = F4F0EB3C2D5A4500002A9ADC /* FoodOTests.xctest */;
			productType = "com.apple.product-type.bundle.unit-test";
		};
		F4F0EB452D5A4500002A9ADC /* FoodOUITests */ = {
			isa = PBXNativeTarget;
			buildConfigurationList = F4F0EB562D5A4500002A9ADC /* Build configuration list for PBXNativeTarget "FoodOUITests" */;
			buildPhases = (
				F4F0EB422D5A4500002A9ADC /* Sources */,
				F4F0EB432D5A4500002A9ADC /* Frameworks */,
				F4F0EB442D5A4500002A9ADC /* Resources */,
			);
			buildRules = (
			);
			dependencies = (
				F4F0EB482D5A4500002A9ADC /* PBXTargetDependency */,
			);
			fileSystemSynchronizedGroups = (
				F4F0EB492D5A4500002A9ADC /* FoodOUITests */,
			);
			name = FoodOUITests;
			packageProductDependencies = (
			);
			productName = FoodHarmonyUITests;
			productReference = F4F0EB462D5A4500002A9ADC /* FoodOUITests.xctest */;
			productType = "com.apple.product-type.bundle.ui-testing";
		};
/* End PBXNativeTarget section */

/* Begin PBXProject section */
		F4F0EB242D5A44FE002A9ADC /* Project object */ = {
			isa = PBXProject;
			attributes = {
				BuildIndependentTargetsInParallel = 1;
				LastSwiftUpdateCheck = 1600;
				LastUpgradeCheck = 1600;
				TargetAttributes = {
					F4F0EB2B2D5A44FE002A9ADC = {
						CreatedOnToolsVersion = 16.0;
					};
					F4F0EB3B2D5A4500002A9ADC = {
						CreatedOnToolsVersion = 16.0;
						TestTargetID = F4F0EB2B2D5A44FE002A9ADC;
					};
					F4F0EB452D5A4500002A9ADC = {
						CreatedOnToolsVersion = 16.0;
						TestTargetID = F4F0EB2B2D5A44FE002A9ADC;
					};
				};
			};
			buildConfigurationList = F4F0EB272D5A44FE002A9ADC /* Build configuration list for PBXProject "FoodO" */;
			developmentRegion = en;
			hasScannedForEncodings = 0;
			knownRegions = (
				en,
				Base,
			);
			mainGroup = F4F0EB232D5A44FE002A9ADC;
			minimizedProjectReferenceProxies = 1;
			packageReferences = (
				F4B02B982D61214B00EA7F5B /* XCRemoteSwiftPackageReference "firebase-ios-sdk" */,
			);
			preferredProjectObjectVersion = 77;
			productRefGroup = F4F0EB2D2D5A44FE002A9ADC /* Products */;
			projectDirPath = "";
			projectRoot = "";
			targets = (
				F4F0EB2B2D5A44FE002A9ADC /* FoodO */,
				F4F0EB3B2D5A4500002A9ADC /* FoodOTests */,
				F4F0EB452D5A4500002A9ADC /* FoodOUITests */,
			);
		};
/* End PBXProject section */

/* Begin PBXResourcesBuildPhase section */
		F4F0EB2A2D5A44FE002A9ADC /* Resources */ = {
			isa = PBXResourcesBuildPhase;
			buildActionMask = 2147483647;
			files = (
			);
			runOnlyForDeploymentPostprocessing = 0;
		};
		F4F0EB3A2D5A4500002A9ADC /* Resources */ = {
			isa = PBXResourcesBuildPhase;
			buildActionMask = 2147483647;
			files = (
			);
			runOnlyForDeploymentPostprocessing = 0;
		};
		F4F0EB442D5A4500002A9ADC /* Resources */ = {
			isa = PBXResourcesBuildPhase;
			buildActionMask = 2147483647;
			files = (
			);
			runOnlyForDeploymentPostprocessing = 0;
		};
/* End PBXResourcesBuildPhase section */

/* Begin PBXSourcesBuildPhase section */
		F4F0EB282D5A44FE002A9ADC /* Sources */ = {
			isa = PBXSourcesBuildPhase;
			buildActionMask = 2147483647;
			files = (
			);
			runOnlyForDeploymentPostprocessing = 0;
		};
		F4F0EB382D5A4500002A9ADC /* Sources */ = {
			isa = PBXSourcesBuildPhase;
			buildActionMask = 2147483647;
			files = (
			);
			runOnlyForDeploymentPostprocessing = 0;
		};
		F4F0EB422D5A4500002A9ADC /* Sources */ = {
			isa = PBXSourcesBuildPhase;
			buildActionMask = 2147483647;
			files = (
			);
			runOnlyForDeploymentPostprocessing = 0;
		};
/* End PBXSourcesBuildPhase section */

/* Begin PBXTargetDependency section */
		F4F0EB3E2D5A4500002A9ADC /* PBXTargetDependency */ = {
			isa = PBXTargetDependency;
			target = F4F0EB2B2D5A44FE002A9ADC /* FoodO */;
			targetProxy = F4F0EB3D2D5A4500002A9ADC /* PBXContainerItemProxy */;
		};
		F4F0EB482D5A4500002A9ADC /* PBXTargetDependency */ = {
			isa = PBXTargetDependency;
			target = F4F0EB2B2D5A44FE002A9ADC /* FoodO */;
			targetProxy = F4F0EB472D5A4500002A9ADC /* PBXContainerItemProxy */;
		};
/* End PBXTargetDependency section */

/* Begin XCBuildConfiguration section */
		F4F0EB4E2D5A4500002A9ADC /* Debug */ = {
			isa = XCBuildConfiguration;
			buildSettings = {
				ALWAYS_SEARCH_USER_PATHS = NO;
				ASSETCATALOG_COMPILER_GENERATE_SWIFT_ASSET_SYMBOL_EXTENSIONS = YES;
				CLANG_ANALYZER_NONNULL = YES;
				CLANG_ANALYZER_NUMBER_OBJECT_CONVERSION = YES_AGGRESSIVE;
				CLANG_CXX_LANGUAGE_STANDARD = "gnu++20";
				CLANG_ENABLE_MODULES = YES;
				CLANG_ENABLE_OBJC_ARC = YES;
				CLANG_ENABLE_OBJC_WEAK = YES;
				CLANG_WARN_BLOCK_CAPTURE_AUTORELEASING = YES;
				CLANG_WARN_BOOL_CONVERSION = YES;
				CLANG_WARN_COMMA = YES;
				CLANG_WARN_CONSTANT_CONVERSION = YES;
				CLANG_WARN_DEPRECATED_OBJC_IMPLEMENTATIONS = YES;
				CLANG_WARN_DIRECT_OBJC_ISA_USAGE = YES_ERROR;
				CLANG_WARN_DOCUMENTATION_COMMENTS = YES;
				CLANG_WARN_EMPTY_BODY = YES;
				CLANG_WARN_ENUM_CONVERSION = YES;
				CLANG_WARN_INFINITE_RECURSION = YES;
				CLANG_WARN_INT_CONVERSION = YES;
				CLANG_WARN_NON_LITERAL_NULL_CONVERSION = YES;
				CLANG_WARN_OBJC_IMPLICIT_RETAIN_SELF = YES;
				CLANG_WARN_OBJC_LITERAL_CONVERSION = YES;
				CLANG_WARN_OBJC_ROOT_CLASS = YES_ERROR;
				CLANG_WARN_QUOTED_INCLUDE_IN_FRAMEWORK_HEADER = YES;
				CLANG_WARN_RANGE_LOOP_ANALYSIS = YES;
				CLANG_WARN_STRICT_PROTOTYPES = YES;
				CLANG_WARN_SUSPICIOUS_MOVE = YES;
				CLANG_WARN_UNGUARDED_AVAILABILITY = YES_AGGRESSIVE;
				CLANG_WARN_UNREACHABLE_CODE = YES;
				CLANG_WARN__DUPLICATE_METHOD_MATCH = YES;
				COPY_PHASE_STRIP = NO;
				DEBUG_INFORMATION_FORMAT = dwarf;
				ENABLE_STRICT_OBJC_MSGSEND = YES;
				ENABLE_TESTABILITY = YES;
				ENABLE_USER_SCRIPT_SANDBOXING = YES;
				GCC_C_LANGUAGE_STANDARD = gnu17;
				GCC_DYNAMIC_NO_PIC = NO;
				GCC_NO_COMMON_BLOCKS = YES;
				GCC_OPTIMIZATION_LEVEL = 0;
				GCC_PREPROCESSOR_DEFINITIONS = (
					"DEBUG=1",
					"$(inherited)",
				);
				GCC_WARN_64_TO_32_BIT_CONVERSION = YES;
				GCC_WARN_ABOUT_RETURN_TYPE = YES_ERROR;
				GCC_WARN_UNDECLARED_SELECTOR = YES;
				GCC_WARN_UNINITIALIZED_AUTOS = YES_AGGRESSIVE;
				GCC_WARN_UNUSED_FUNCTION = YES;
				GCC_WARN_UNUSED_VARIABLE = YES;
				IPHONEOS_DEPLOYMENT_TARGET = 18.0;
				LOCALIZATION_PREFERS_STRING_CATALOGS = YES;
				MTL_ENABLE_DEBUG_INFO = INCLUDE_SOURCE;
				MTL_FAST_MATH = YES;
				ONLY_ACTIVE_ARCH = YES;
				SDKROOT = iphoneos;
				SWIFT_ACTIVE_COMPILATION_CONDITIONS = "DEBUG $(inherited)";
				SWIFT_OPTIMIZATION_LEVEL = "-Onone";
			};
			name = Debug;
		};
		F4F0EB4F2D5A4500002A9ADC /* Release */ = {
			isa = XCBuildConfiguration;
			buildSettings = {
				ALWAYS_SEARCH_USER_PATHS = NO;
				ASSETCATALOG_COMPILER_GENERATE_SWIFT_ASSET_SYMBOL_EXTENSIONS = YES;
				CLANG_ANALYZER_NONNULL = YES;
				CLANG_ANALYZER_NUMBER_OBJECT_CONVERSION = YES_AGGRESSIVE;
				CLANG_CXX_LANGUAGE_STANDARD = "gnu++20";
				CLANG_ENABLE_MODULES = YES;
				CLANG_ENABLE_OBJC_ARC = YES;
				CLANG_ENABLE_OBJC_WEAK = YES;
				CLANG_WARN_BLOCK_CAPTURE_AUTORELEASING = YES;
				CLANG_WARN_BOOL_CONVERSION = YES;
				CLANG_WARN_COMMA = YES;
				CLANG_WARN_CONSTANT_CONVERSION = YES;
				CLANG_WARN_DEPRECATED_OBJC_IMPLEMENTATIONS = YES;
				CLANG_WARN_DIRECT_OBJC_ISA_USAGE = YES_ERROR;
				CLANG_WARN_DOCUMENTATION_COMMENTS = YES;
				CLANG_WARN_EMPTY_BODY = YES;
				CLANG_WARN_ENUM_CONVERSION = YES;
				CLANG_WARN_INFINITE_RECURSION = YES;
				CLANG_WARN_INT_CONVERSION = YES;
				CLANG_WARN_NON_LITERAL_NULL_CONVERSION = YES;
				CLANG_WARN_OBJC_IMPLICIT_RETAIN_SELF = YES;
				CLANG_WARN_OBJC_LITERAL_CONVERSION = YES;
				CLANG_WARN_OBJC_ROOT_CLASS = YES_ERROR;
				CLANG_WARN_QUOTED_INCLUDE_IN_FRAMEWORK_HEADER = YES;
				CLANG_WARN_RANGE_LOOP_ANALYSIS = YES;
				CLANG_WARN_STRICT_PROTOTYPES = YES;
				CLANG_WARN_SUSPICIOUS_MOVE = YES;
				CLANG_WARN_UNGUARDED_AVAILABILITY = YES_AGGRESSIVE;
				CLANG_WARN_UNREACHABLE_CODE = YES;
				CLANG_WARN__DUPLICATE_METHOD_MATCH = YES;
				COPY_PHASE_STRIP = NO;
				DEBUG_INFORMATION_FORMAT = "dwarf-with-dsym";
				ENABLE_NS_ASSERTIONS = NO;
				ENABLE_STRICT_OBJC_MSGSEND = YES;
				ENABLE_USER_SCRIPT_SANDBOXING = YES;
				GCC_C_LANGUAGE_STANDARD = gnu17;
				GCC_NO_COMMON_BLOCKS = YES;
				GCC_WARN_64_TO_32_BIT_CONVERSION = YES;
				GCC_WARN_ABOUT_RETURN_TYPE = YES_ERROR;
				GCC_WARN_UNDECLARED_SELECTOR = YES;
				GCC_WARN_UNINITIALIZED_AUTOS = YES_AGGRESSIVE;
				GCC_WARN_UNUSED_FUNCTION = YES;
				GCC_WARN_UNUSED_VARIABLE = YES;
				IPHONEOS_DEPLOYMENT_TARGET = 18.0;
				LOCALIZATION_PREFERS_STRING_CATALOGS = YES;
				MTL_ENABLE_DEBUG_INFO = NO;
				MTL_FAST_MATH = YES;
				SDKROOT = iphoneos;
				SWIFT_COMPILATION_MODE = wholemodule;
				VALIDATE_PRODUCT = YES;
			};
			name = Release;
		};
		F4F0EB512D5A4500002A9ADC /* Debug */ = {
			isa = XCBuildConfiguration;
			buildSettings = {
				ASSETCATALOG_COMPILER_APPICON_NAME = AppIcon;
				ASSETCATALOG_COMPILER_GLOBAL_ACCENT_COLOR_NAME = AccentColor;
				CODE_SIGN_STYLE = Automatic;
				CURRENT_PROJECT_VERSION = 1;
				DEVELOPMENT_ASSET_PATHS = "\"FoodHarmony/Preview Content\"";
				DEVELOPMENT_TEAM = TCB72C262B;
				ENABLE_PREVIEWS = YES;
				GENERATE_INFOPLIST_FILE = YES;
				INFOPLIST_FILE = FoodHarmony/Info.plist;
				INFOPLIST_KEY_NSCameraUsageDescription = "Diese App benötigt Zugriff auf die Kamera, um Barcodes zu scannen.";
				INFOPLIST_KEY_NSLocationWhenInUseUsageDescription = "Wir benötigen deinen Standort um dir die Tafeln in deiner Nähe anzuzeigen";
				INFOPLIST_KEY_UIApplicationSceneManifest_Generation = YES;
				INFOPLIST_KEY_UIApplicationSupportsIndirectInputEvents = YES;
				INFOPLIST_KEY_UILaunchScreen_Generation = YES;
				INFOPLIST_KEY_UISupportedInterfaceOrientations_iPad = "UIInterfaceOrientationPortrait UIInterfaceOrientationPortraitUpsideDown UIInterfaceOrientationLandscapeLeft UIInterfaceOrientationLandscapeRight";
				INFOPLIST_KEY_UISupportedInterfaceOrientations_iPhone = "UIInterfaceOrientationPortrait UIInterfaceOrientationLandscapeLeft UIInterfaceOrientationLandscapeRight";
				IPHONEOS_DEPLOYMENT_TARGET = 18.0;
				LD_RUNPATH_SEARCH_PATHS = (
					"$(inherited)",
					"@executable_path/Frameworks",
				);
				MARKETING_VERSION = 1.0;
				PRODUCT_BUNDLE_IDENTIFIER = de.Pascal.Wiesner.FoodHarmony;
				PRODUCT_NAME = "$(TARGET_NAME)";
				SUPPORTED_PLATFORMS = "iphoneos iphonesimulator";
				SUPPORTS_MACCATALYST = NO;
				SUPPORTS_MAC_DESIGNED_FOR_IPHONE_IPAD = NO;
				SUPPORTS_XR_DESIGNED_FOR_IPHONE_IPAD = NO;
				SWIFT_EMIT_LOC_STRINGS = YES;
				SWIFT_VERSION = 5.0;
				TARGETED_DEVICE_FAMILY = "1,2";
			};
			name = Debug;
		};
		F4F0EB522D5A4500002A9ADC /* Release */ = {
			isa = XCBuildConfiguration;
			buildSettings = {
				ASSETCATALOG_COMPILER_APPICON_NAME = AppIcon;
				ASSETCATALOG_COMPILER_GLOBAL_ACCENT_COLOR_NAME = AccentColor;
				CODE_SIGN_STYLE = Automatic;
				CURRENT_PROJECT_VERSION = 1;
				DEVELOPMENT_ASSET_PATHS = "\"FoodHarmony/Preview Content\"";
				DEVELOPMENT_TEAM = TCB72C262B;
				ENABLE_PREVIEWS = YES;
				GENERATE_INFOPLIST_FILE = YES;
				INFOPLIST_FILE = FoodHarmony/Info.plist;
				INFOPLIST_KEY_NSCameraUsageDescription = "Diese App benötigt Zugriff auf die Kamera, um Barcodes zu scannen.";
				INFOPLIST_KEY_NSLocationWhenInUseUsageDescription = "Wir benötigen deinen Standort um dir die Tafeln in deiner Nähe anzuzeigen";
				INFOPLIST_KEY_UIApplicationSceneManifest_Generation = YES;
				INFOPLIST_KEY_UIApplicationSupportsIndirectInputEvents = YES;
				INFOPLIST_KEY_UILaunchScreen_Generation = YES;
				INFOPLIST_KEY_UISupportedInterfaceOrientations_iPad = "UIInterfaceOrientationPortrait UIInterfaceOrientationPortraitUpsideDown UIInterfaceOrientationLandscapeLeft UIInterfaceOrientationLandscapeRight";
				INFOPLIST_KEY_UISupportedInterfaceOrientations_iPhone = "UIInterfaceOrientationPortrait UIInterfaceOrientationLandscapeLeft UIInterfaceOrientationLandscapeRight";
				IPHONEOS_DEPLOYMENT_TARGET = 18.0;
				LD_RUNPATH_SEARCH_PATHS = (
					"$(inherited)",
					"@executable_path/Frameworks",
				);
				MARKETING_VERSION = 1.0;
				PRODUCT_BUNDLE_IDENTIFIER = de.Pascal.Wiesner.FoodHarmony;
				PRODUCT_NAME = "$(TARGET_NAME)";
				SUPPORTED_PLATFORMS = "iphoneos iphonesimulator";
				SUPPORTS_MACCATALYST = NO;
				SUPPORTS_MAC_DESIGNED_FOR_IPHONE_IPAD = NO;
				SUPPORTS_XR_DESIGNED_FOR_IPHONE_IPAD = NO;
				SWIFT_EMIT_LOC_STRINGS = YES;
				SWIFT_VERSION = 5.0;
				TARGETED_DEVICE_FAMILY = "1,2";
			};
			name = Release;
		};
		F4F0EB542D5A4500002A9ADC /* Debug */ = {
			isa = XCBuildConfiguration;
			buildSettings = {
				BUNDLE_LOADER = "$(TEST_HOST)";
				CODE_SIGN_STYLE = Automatic;
				CURRENT_PROJECT_VERSION = 1;
				GENERATE_INFOPLIST_FILE = YES;
				IPHONEOS_DEPLOYMENT_TARGET = 18.0;
				MARKETING_VERSION = 1.0;
				PRODUCT_BUNDLE_IDENTIFIER = de.Pascal.Wiesner.FoodHarmonyTests;
				PRODUCT_NAME = "$(TARGET_NAME)";
				SWIFT_EMIT_LOC_STRINGS = NO;
				SWIFT_VERSION = 5.0;
				TARGETED_DEVICE_FAMILY = "1,2";
				TEST_HOST = "$(BUILT_PRODUCTS_DIR)/FoodO.app/$(BUNDLE_EXECUTABLE_FOLDER_PATH)/FoodO";
			};
			name = Debug;
		};
		F4F0EB552D5A4500002A9ADC /* Release */ = {
			isa = XCBuildConfiguration;
			buildSettings = {
				BUNDLE_LOADER = "$(TEST_HOST)";
				CODE_SIGN_STYLE = Automatic;
				CURRENT_PROJECT_VERSION = 1;
				GENERATE_INFOPLIST_FILE = YES;
				IPHONEOS_DEPLOYMENT_TARGET = 18.0;
				MARKETING_VERSION = 1.0;
				PRODUCT_BUNDLE_IDENTIFIER = de.Pascal.Wiesner.FoodHarmonyTests;
				PRODUCT_NAME = "$(TARGET_NAME)";
				SWIFT_EMIT_LOC_STRINGS = NO;
				SWIFT_VERSION = 5.0;
				TARGETED_DEVICE_FAMILY = "1,2";
				TEST_HOST = "$(BUILT_PRODUCTS_DIR)/FoodO.app/$(BUNDLE_EXECUTABLE_FOLDER_PATH)/FoodO";
			};
			name = Release;
		};
		F4F0EB572D5A4500002A9ADC /* Debug */ = {
			isa = XCBuildConfiguration;
			buildSettings = {
				CODE_SIGN_STYLE = Automatic;
				CURRENT_PROJECT_VERSION = 1;
				GENERATE_INFOPLIST_FILE = YES;
				MARKETING_VERSION = 1.0;
				PRODUCT_BUNDLE_IDENTIFIER = de.Pascal.Wiesner.FoodHarmonyUITests;
				PRODUCT_NAME = "$(TARGET_NAME)";
				SWIFT_EMIT_LOC_STRINGS = NO;
				SWIFT_VERSION = 5.0;
				TARGETED_DEVICE_FAMILY = "1,2";
				TEST_TARGET_NAME = FoodHarmony;
			};
			name = Debug;
		};
		F4F0EB582D5A4500002A9ADC /* Release */ = {
			isa = XCBuildConfiguration;
			buildSettings = {
				CODE_SIGN_STYLE = Automatic;
				CURRENT_PROJECT_VERSION = 1;
				GENERATE_INFOPLIST_FILE = YES;
				MARKETING_VERSION = 1.0;
				PRODUCT_BUNDLE_IDENTIFIER = de.Pascal.Wiesner.FoodHarmonyUITests;
				PRODUCT_NAME = "$(TARGET_NAME)";
				SWIFT_EMIT_LOC_STRINGS = NO;
				SWIFT_VERSION = 5.0;
				TARGETED_DEVICE_FAMILY = "1,2";
				TEST_TARGET_NAME = FoodHarmony;
			};
			name = Release;
		};
/* End XCBuildConfiguration section */

/* Begin XCConfigurationList section */
		F4F0EB272D5A44FE002A9ADC /* Build configuration list for PBXProject "FoodO" */ = {
			isa = XCConfigurationList;
			buildConfigurations = (
				F4F0EB4E2D5A4500002A9ADC /* Debug */,
				F4F0EB4F2D5A4500002A9ADC /* Release */,
			);
			defaultConfigurationIsVisible = 0;
			defaultConfigurationName = Release;
		};
		F4F0EB502D5A4500002A9ADC /* Build configuration list for PBXNativeTarget "FoodO" */ = {
			isa = XCConfigurationList;
			buildConfigurations = (
				F4F0EB512D5A4500002A9ADC /* Debug */,
				F4F0EB522D5A4500002A9ADC /* Release */,
			);
			defaultConfigurationIsVisible = 0;
			defaultConfigurationName = Release;
		};
		F4F0EB532D5A4500002A9ADC /* Build configuration list for PBXNativeTarget "FoodOTests" */ = {
			isa = XCConfigurationList;
			buildConfigurations = (
				F4F0EB542D5A4500002A9ADC /* Debug */,
				F4F0EB552D5A4500002A9ADC /* Release */,
			);
			defaultConfigurationIsVisible = 0;
			defaultConfigurationName = Release;
		};
		F4F0EB562D5A4500002A9ADC /* Build configuration list for PBXNativeTarget "FoodOUITests" */ = {
			isa = XCConfigurationList;
			buildConfigurations = (
				F4F0EB572D5A4500002A9ADC /* Debug */,
				F4F0EB582D5A4500002A9ADC /* Release */,
			);
			defaultConfigurationIsVisible = 0;
			defaultConfigurationName = Release;
		};
/* End XCConfigurationList section */

/* Begin XCRemoteSwiftPackageReference section */
		F4B02B982D61214B00EA7F5B /* XCRemoteSwiftPackageReference "firebase-ios-sdk" */ = {
			isa = XCRemoteSwiftPackageReference;
			repositoryURL = "https://github.com/firebase/firebase-ios-sdk";
			requirement = {
				kind = upToNextMajorVersion;
				minimumVersion = 11.8.1;
			};
		};
/* End XCRemoteSwiftPackageReference section */

/* Begin XCSwiftPackageProductDependency section */
		F4B02B9A2D6121F700EA7F5B /* FirebaseAuth */ = {
			isa = XCSwiftPackageProductDependency;
			package = F4B02B982D61214B00EA7F5B /* XCRemoteSwiftPackageReference "firebase-ios-sdk" */;
			productName = FirebaseAuth;
		};
		F4B02EDD2D61261200EA7F5B /* FirebaseFirestore */ = {
			isa = XCSwiftPackageProductDependency;
			package = F4B02B982D61214B00EA7F5B /* XCRemoteSwiftPackageReference "firebase-ios-sdk" */;
			productName = FirebaseFirestore;
		};
		F4B02EDF2D61318900EA7F5B /* FirebaseCore */ = {
			isa = XCSwiftPackageProductDependency;
			package = F4B02B982D61214B00EA7F5B /* XCRemoteSwiftPackageReference "firebase-ios-sdk" */;
			productName = FirebaseCore;
		};
/* End XCSwiftPackageProductDependency section */
	};
	rootObject = F4F0EB242D5A44FE002A9ADC /* Project object */;
}
